
Microsoft Visual Studio Solution File, Format Version 12.00
# Visual Studio Version 17
VisualStudioVersion = 17.14.36518.9 d17.14
MinimumVisualStudioVersion = 10.0.40219.1
Project("{FAE04EC0-301F-11D3-BF4B-00C04F79EFBC}") = "Chess.TLDevProject", "Chess.TLDevProject\Chess.TLDevProject.csproj", "{2EE1DC3E-BCCA-42C1-A968-C5A44FD49146}"
EndProject
Global
	GlobalSection(SolutionConfigurationPlatforms) = preSolution
		Debug|Any CPU = Debug|Any CPU
		Release|Any CPU = Release|Any CPU
	EndGlobalSection
	GlobalSection(ProjectConfigurationPlatforms) = postSolution
		{2EE1DC3E-BCCA-42C1-A968-C5A44FD49146}.Debug|Any CPU.ActiveCfg = Debug|Any CPU
		{2EE1DC3E-BCCA-42C1-A968-C5A44FD49146}.Debug|Any CPU.Build.0 = Debug|Any CPU
		{2EE1DC3E-BCCA-42C1-A968-C5A44FD49146}.Release|Any CPU.ActiveCfg = Release|Any CPU
		{2EE1DC3E-BCCA-42C1-A968-C5A44FD49146}.Release|Any CPU.Build.0 = Release|Any CPU
	EndGlobalSection
	GlobalSection(SolutionProperties) = preSolution
		HideSolutionNode = FALSE
	EndGlobalSection
	GlobalSection(ExtensibilityGlobals) = postSolution
		SolutionGuid = {8F54AB9B-2E0C-4BA3-877A-3D3AF906F674}
	EndGlobalSection
EndGlobal
